# This file was autogenerated by uv via the following command:
#    uv pip compile --python 3.12 -o engine-recipes/mlx-vlm.lock -
annotated-doc==0.0.4
    # via
    #   fastapi
    #   typer
annotated-types==0.8.0
    # via pydantic
anyio==4.14.2
    # via
    #   httpx
    #   starlette
certifi==2026.7.22
    # via
    #   httpcore
    #   httpx
    #   requests
cffi==2.1.0
    # via
    #   miniaudio
    #   sounddevice
charset-normalizer==3.4.9
    # via requests
click==8.4.2
    # via
    #   huggingface-hub
    #   uvicorn
fastapi==0.139.2
    # via mlx-vlm
filelock==3.32.0
    # via huggingface-hub
fsspec==2026.6.0
    # via huggingface-hub
h11==0.16.0
    # via
    #   httpcore
    #   uvicorn
hf-xet==1.5.2
    # via huggingface-hub
httpcore==1.0.9
    # via httpx
httpx==0.28.1
    # via huggingface-hub
huggingface-hub==1.24.0
    # via
    #   mlx-audio
    #   tokenizers
    #   transformers
idna==3.18
    # via
    #   anyio
    #   httpx
    #   requests
jinja2==3.1.6
    # via mlx-lm
llguidance==1.7.6
    # via mlx-vlm
markdown-it-py==4.2.0
    # via rich
markupsafe==3.0.3
    # via jinja2
mdurl==0.1.2
    # via markdown-it-py
miniaudio==1.71
    # via
    #   mlx-audio
    #   mlx-vlm
mlx==0.32.0
    # via
    #   mlx-audio
    #   mlx-lm
    #   mlx-vlm
mlx-audio==0.4.4
    # via mlx-vlm
mlx-lm==0.31.3
    # via
    #   mlx-audio
    #   mlx-vlm
mlx-metal==0.32.0
    # via mlx
mlx-vlm==0.6.7
numpy==2.5.1
    # via
    #   mlx-audio
    #   mlx-lm
    #   mlx-vlm
    #   opencv-python
    #   scipy
    #   transformers
opencv-python==5.0.0.93
    # via mlx-vlm
packaging==26.2
    # via
    #   huggingface-hub
    #   transformers
pillow==12.3.0
    # via mlx-vlm
protobuf==7.35.1
    # via mlx-lm
pycparser==3.0
    # via cffi
pydantic==2.13.4
    # via fastapi
pydantic-core==2.46.4
    # via pydantic
pygments==2.20.0
    # via rich
python-multipart==0.0.32
    # via mlx-vlm
pyyaml==6.0.3
    # via
    #   huggingface-hub
    #   mlx-lm
    #   transformers
regex==2026.7.19
    # via transformers
requests==2.34.2
    # via mlx-vlm
rich==15.0.0
    # via typer
safetensors==0.8.0
    # via transformers
scipy==1.18.0
    # via mlx-audio
sentencepiece==0.2.2
    # via mlx-lm
shellingham==1.5.4
    # via typer
sounddevice==0.5.5
    # via mlx-audio
starlette==1.3.1
    # via
    #   fastapi
    #   mlx-vlm
tokenizers==0.22.2
    # via transformers
tqdm==4.69.0
    # via
    #   huggingface-hub
    #   mlx-audio
    #   mlx-vlm
    #   transformers
transformers==5.14.1
    # via
    #   mlx-audio
    #   mlx-lm
    #   mlx-vlm
typer==0.27.0
    # via transformers
typing-extensions==4.16.0
    # via
    #   anyio
    #   fastapi
    #   huggingface-hub
    #   pydantic
    #   pydantic-core
    #   starlette
    #   typing-inspection
typing-inspection==0.4.2
    # via
    #   fastapi
    #   pydantic
urllib3==2.7.0
    # via requests
uvicorn==0.51.0
    # via mlx-vlm
