# Pinned PersonaPlex-MLX (mu-hashmi/personaplex-mlx) runtime dependencies.
# Apple Silicon only; MLX + rustymimi (Mimi codec) power the model, aiohttp
# serves the /api/chat WebSocket.
#
# Base pins follow upstream requirements.txt; torch/sphn and a newer mlx range
# come from pyproject.toml (install step uses --no-deps for the source tree).
aiohttp>=3.10.5, <3.12
blessed==1.20.0
cffi==1.17.0
dashing==0.1.0
huggingface-hub>=0.24, <0.29
mlx>=0.26.0, <0.27
numpy>=2.1.0, <2.3
psutil==6.0.0
rustymimi==0.4.1
safetensors>=0.4.0, <0.6
sentencepiece==0.2.0
sounddevice==0.5.0
sphn>=0.2.0, <0.3.0
torch>=2.4, <2.8
wcwidth==0.2.13
