# This file was autogenerated by uv via the following command:
#    uv pip compile --python 3.12 -o engine-recipes/streaming-asr.lock engine-recipes/streaming-asr.in
accelerate==1.14.0
    # via -r engine-recipes/streaming-asr.in
annotated-doc==0.0.4
    # via typer
anyio==4.14.2
    # via httpx
audioread==3.1.0
    # via librosa
certifi==2026.7.22
    # via
    #   httpcore
    #   httpx
    #   requests
cffi==2.1.0
    # via soundfile
charset-normalizer==3.4.9
    # via requests
click==8.4.2
    # via huggingface-hub
decorator==5.3.1
    # via librosa
filelock==3.32.0
    # via
    #   huggingface-hub
    #   torch
fsspec==2026.6.0
    # via
    #   huggingface-hub
    #   torch
h11==0.16.0
    # via httpcore
hf-xet==1.5.2
    # via huggingface-hub
httpcore==1.0.9
    # via httpx
httpx==0.28.1
    # via huggingface-hub
huggingface-hub==1.24.0
    # via
    #   accelerate
    #   tokenizers
    #   transformers
idna==3.18
    # via
    #   anyio
    #   httpx
    #   requests
jinja2==3.1.6
    # via torch
joblib==1.5.3
    # via
    #   librosa
    #   scikit-learn
lazy-loader==0.5
    # via librosa
librosa==0.11.0
    # via -r engine-recipes/streaming-asr.in
llvmlite==0.48.0
    # via numba
markdown-it-py==4.2.0
    # via rich
markupsafe==3.0.3
    # via jinja2
mdurl==0.1.2
    # via markdown-it-py
mpmath==1.3.0
    # via sympy
msgpack==1.2.1
    # via librosa
narwhals==2.24.0
    # via scikit-learn
networkx==3.6.1
    # via torch
numba==0.66.0
    # via librosa
numpy==2.4.6
    # via
    #   -r engine-recipes/streaming-asr.in
    #   accelerate
    #   librosa
    #   numba
    #   scikit-learn
    #   scipy
    #   soundfile
    #   soxr
    #   transformers
packaging==26.2
    # via
    #   accelerate
    #   huggingface-hub
    #   lazy-loader
    #   pooch
    #   transformers
platformdirs==4.11.0
    # via pooch
pooch==1.9.0
    # via librosa
psutil==7.2.2
    # via accelerate
pycparser==3.0
    # via cffi
pygments==2.20.0
    # via rich
pyyaml==6.0.3
    # via
    #   accelerate
    #   huggingface-hub
    #   transformers
regex==2026.7.19
    # via transformers
requests==2.34.2
    # via pooch
rich==15.0.0
    # via typer
safetensors==0.8.0
    # via
    #   accelerate
    #   transformers
scikit-learn==1.9.0
    # via librosa
scipy==1.18.0
    # via
    #   librosa
    #   scikit-learn
setuptools==83.0.0
    # via torch
shellingham==1.5.4
    # via typer
soundfile==0.14.0
    # via
    #   -r engine-recipes/streaming-asr.in
    #   librosa
soxr==1.1.0
    # via librosa
sympy==1.14.0
    # via torch
threadpoolctl==3.6.0
    # via scikit-learn
tokenizers==0.22.2
    # via transformers
torch==2.13.0
    # via
    #   -r engine-recipes/streaming-asr.in
    #   accelerate
tqdm==4.69.0
    # via
    #   huggingface-hub
    #   transformers
transformers==5.14.1
    # via -r engine-recipes/streaming-asr.in
typer==0.27.0
    # via transformers
typing-extensions==4.16.0
    # via
    #   anyio
    #   huggingface-hub
    #   librosa
    #   soundfile
    #   torch
urllib3==2.7.0
    # via requests
